
Microsoft Visual Studio Solution File, Format Version 12.00
# Visual Studio 15
VisualStudioVersion = 15.0.27428.2027
MinimumVisualStudioVersion = 10.0.40219.1
Project("{FAE04EC0-301F-11D3-BF4B-00C04F79EFBC}") = "SCPrime", "SCPrime\SCPrime.csproj", "{BE21A143-4273-408F-BF78-A1EB0C6C5699}"
EndProject
Global
	GlobalSection(SolutionConfigurationPlatforms) = preSolution
		Debug|Any CPU = Debug|Any CPU
		Release|Any CPU = Release|Any CPU
	EndGlobalSection
	GlobalSection(ProjectConfigurationPlatforms) = postSolution
		{BE21A143-4273-408F-BF78-A1EB0C6C5699}.Debug|Any CPU.ActiveCfg = Debug|Any CPU
		{BE21A143-4273-408F-BF78-A1EB0C6C5699}.Debug|Any CPU.Build.0 = Debug|Any CPU
		{BE21A143-4273-408F-BF78-A1EB0C6C5699}.Release|Any CPU.ActiveCfg = Release|Any CPU
		{BE21A143-4273-408F-BF78-A1EB0C6C5699}.Release|Any CPU.Build.0 = Release|Any CPU
	EndGlobalSection
	GlobalSection(SolutionProperties) = preSolution
		HideSolutionNode = FALSE
	EndGlobalSection
	GlobalSection(ExtensibilityGlobals) = postSolution
		SolutionGuid = {F75D375D-195A-49E6-8E72-CE260BC853E8}
	EndGlobalSection
EndGlobal
